github.com/DomNidy/saint_sim/pkg/interfaces v0.0.0-20240921172804-c498d4d6ce60 h1:7QfGL5g9hY56wsnKkPSu/XE7S5ZBDzLHJHw9cnfBBtw=
github.com/DomNidy/saint_sim/pkg/interfaces v0.0.0-20240921172804-c498d4d6ce60/go.mod h1:gn6PO9+xqWwrny2vtnbq7MZ/OM7QSWQF6EHRH82fR+c=
github.com/DomNidy/saint_sim/pkg/secrets v0.0.0-20240908203648-5e532d643359 h1:+/eBXr7nJEXUQzZET4WqaMLo6+zpMGYTvFprX53yJa4=
github.com/DomNidy/saint_sim/pkg/secrets v0.0.0-20240908203648-5e532d643359/go.mod h1:ygq0a7zB9rEd9gdm5s/1ZR1prxWRcRDQ7V8oB/fhDhY=
github.com/DomNidy/saint_sim/pkg/utils v0.0.0-20240916175438-8a28b6c09826 h1:KtQz/HVS1kfZa5pZWBB6V9lUICgs6wf5h2/T8uGBQkQ=
github.com/DomNidy/saint_sim/pkg/utils v0.0.0-20240916175438-8a28b6c09826/go.mod h1:U2FxkShNmrmLNNooZA1jJWTND3LaY8Ux65wjTSFW+CU=
github.com/joho/godotenv v1.5.1 h1:7eLL/+HRGLY0ldzfGMeQkb7vMd0as4CfYvUVzLqw0N0=
github.com/joho/godotenv v1.5.1/go.mod h1:f4LDr5Voq0i2e/R5DDNOoa2zzDfwtkZa6DnEwAbqwq4=
